
Microsoft Visual Studio Solution File, Format Version 12.00
# Visual Studio Version 16
VisualStudioVersion = 16.0.30611.23
MinimumVisualStudioVersion = 10.0.40219.1
Project("{9A19103F-16F7-4668-BE54-9A1E7A4F7556}") = "Spin.Supergene", "Supergene\Spin.Supergene\Spin.Supergene.csproj", "{179085A7-3657-4794-87FC-62068751A9EA}"
EndProject
Global
	GlobalSection(SolutionConfigurationPlatforms) = preSolution
		Debug|Any CPU = Debug|Any CPU
		Debug|x64 = Debug|x64
		Release|Any CPU = Release|Any CPU
		Release|x64 = Release|x64
		Web Debug|Any CPU = Web Debug|Any CPU
		Web Debug|x64 = Web Debug|x64
	EndGlobalSection
	GlobalSection(ProjectConfigurationPlatforms) = postSolution
		{179085A7-3657-4794-87FC-62068751A9EA}.Debug|Any CPU.ActiveCfg = Debug|Any CPU
		{179085A7-3657-4794-87FC-62068751A9EA}.Debug|Any CPU.Build.0 = Debug|Any CPU
		{179085A7-3657-4794-87FC-62068751A9EA}.Debug|x64.ActiveCfg = Debug|x64
		{179085A7-3657-4794-87FC-62068751A9EA}.Debug|x64.Build.0 = Debug|x64
		{179085A7-3657-4794-87FC-62068751A9EA}.Release|Any CPU.ActiveCfg = Release|Any CPU
		{179085A7-3657-4794-87FC-62068751A9EA}.Release|Any CPU.Build.0 = Release|Any CPU
		{179085A7-3657-4794-87FC-62068751A9EA}.Release|x64.ActiveCfg = Release|x64
		{179085A7-3657-4794-87FC-62068751A9EA}.Release|x64.Build.0 = Release|x64
		{179085A7-3657-4794-87FC-62068751A9EA}.Web Debug|Any CPU.ActiveCfg = Web Debug|Any CPU
		{179085A7-3657-4794-87FC-62068751A9EA}.Web Debug|Any CPU.Build.0 = Web Debug|Any CPU
		{179085A7-3657-4794-87FC-62068751A9EA}.Web Debug|x64.ActiveCfg = Web Debug|x64
		{179085A7-3657-4794-87FC-62068751A9EA}.Web Debug|x64.Build.0 = Web Debug|x64
	EndGlobalSection
	GlobalSection(SolutionProperties) = preSolution
		HideSolutionNode = FALSE
	EndGlobalSection
	GlobalSection(ExtensibilityGlobals) = postSolution
		SolutionGuid = {C21F6751-260E-437E-BC50-97E406D1F2F3}
	EndGlobalSection
EndGlobal
